
Microsoft Visual Studio Solution File, Format Version 12.00
# Visual Studio 15
VisualStudioVersion = 15.0.27703.2018
MinimumVisualStudioVersion = 10.0.40219.1
Project("{FAE04EC0-301F-11D3-BF4B-00C04F79EFBC}") = "SnakesAndLadders", "SnakesAndLadders\SnakesAndLadders.csproj", "{4C664775-D2D2-452B-8158-A09241FEB2A8}"
EndProject
Global
	GlobalSection(SolutionConfigurationPlatforms) = preSolution
		Debug|Any CPU = Debug|Any CPU
		Release|Any CPU = Release|Any CPU
	EndGlobalSection
	GlobalSection(ProjectConfigurationPlatforms) = postSolution
		{4C664775-D2D2-452B-8158-A09241FEB2A8}.Debug|Any CPU.ActiveCfg = Debug|Any CPU
		{4C664775-D2D2-452B-8158-A09241FEB2A8}.Debug|Any CPU.Build.0 = Debug|Any CPU
		{4C664775-D2D2-452B-8158-A09241FEB2A8}.Release|Any CPU.ActiveCfg = Release|Any CPU
		{4C664775-D2D2-452B-8158-A09241FEB2A8}.Release|Any CPU.Build.0 = Release|Any CPU
	EndGlobalSection
	GlobalSection(SolutionProperties) = preSolution
		HideSolutionNode = FALSE
	EndGlobalSection
	GlobalSection(ExtensibilityGlobals) = postSolution
		SolutionGuid = {9D63ADE7-85F7-4FD1-8784-66A743967A2F}
	EndGlobalSection
EndGlobal
